
Microsoft Visual Studio Solution File, Format Version 12.00
# Visual Studio 15
Project("{FAE04EC0-301F-11D3-BF4B-00C04F79EFBC}") = "R6Tab.NET", "R6Tab.NET.csproj", "{17919E47-6A49-49AF-A5F7-AF5A8E4E1247}"
EndProject
Global
	GlobalSection(SolutionConfigurationPlatforms) = preSolution
		Debug|Any CPU = Debug|Any CPU
		Release|Any CPU = Release|Any CPU
	EndGlobalSection
	GlobalSection(ProjectConfigurationPlatforms) = postSolution
		{17919E47-6A49-49AF-A5F7-AF5A8E4E1247}.Debug|Any CPU.ActiveCfg = Debug|Any CPU
		{17919E47-6A49-49AF-A5F7-AF5A8E4E1247}.Debug|Any CPU.Build.0 = Debug|Any CPU
		{17919E47-6A49-49AF-A5F7-AF5A8E4E1247}.Release|Any CPU.ActiveCfg = Release|Any CPU
		{17919E47-6A49-49AF-A5F7-AF5A8E4E1247}.Release|Any CPU.Build.0 = Release|Any CPU
	EndGlobalSection
EndGlobal
